
Microsoft Visual Studio Solution File, Format Version 12.00
# Visual Studio Version 17
VisualStudioVersion = 17.0.31903.59
MinimumVisualStudioVersion = 10.0.40219.1
Project("{9A19103F-16F7-4668-BE54-9A1E7A4F7556}") = "MyApi", "src\MyApi\MyApi.csproj", "{F64CB1BF-5875-4750-A8AA-638FED03115A}"
EndProject
Project("{2150E333-8FDC-42A3-9474-1A3956D46DE8}") = "Solution Items", "Solution Items", "{76918C7D-B2FB-4D98-B53B-A9920BFC4B0E}"
	ProjectSection(SolutionItems) = preProject
		template.yml = template.yml
	EndProjectSection
EndProject
Global
	GlobalSection(SolutionConfigurationPlatforms) = preSolution
		Debug|Any CPU = Debug|Any CPU
		Release|Any CPU = Release|Any CPU
	EndGlobalSection
	GlobalSection(ProjectConfigurationPlatforms) = postSolution
		{F64CB1BF-5875-4750-A8AA-638FED03115A}.Debug|Any CPU.ActiveCfg = Debug|Any CPU
		{F64CB1BF-5875-4750-A8AA-638FED03115A}.Debug|Any CPU.Build.0 = Debug|Any CPU
		{F64CB1BF-5875-4750-A8AA-638FED03115A}.Release|Any CPU.ActiveCfg = Release|Any CPU
		{F64CB1BF-5875-4750-A8AA-638FED03115A}.Release|Any CPU.Build.0 = Release|Any CPU
	EndGlobalSection
	GlobalSection(SolutionProperties) = preSolution
		HideSolutionNode = FALSE
	EndGlobalSection
	GlobalSection(ExtensibilityGlobals) = postSolution
		SolutionGuid = {D1EFE7AE-ABF6-44DE-B2AE-E84672616F88}
	EndGlobalSection
EndGlobal
